Microsoft Visual Studio Solution File, Format Version 12.00
# Visual Studio Version 17
VisualStudioVersion = 17.2.32630.192
MinimumVisualStudioVersion = 10.0.40219.1
Project("{C7167F0D-BC9F-4E6E-AFE1-012C56B48DB5}") = "Genshin_UtIl (Package)", "Genshin_UtIl\Genshin_UtIl (Package)\Genshin_UtIl (Package).wapproj", "{A2C6B270-E243-41B1-AFB5-A26862D56026}"
EndProject
Project("{9A19103F-16F7-4668-BE54-9A1E7A4F7556}") = "Genshin_UtIl", "Genshin_UtIl\Genshin_UtIl\Genshin_UtIl.csproj", "{0D7ADA74-F937-4651-A8BF-7C2E2CCAA301}"
EndProject
Project("{FAE04EC0-301F-11D3-BF4B-00C04F79EFBC}") = "FunctionStudy", "FunctionStudy\FunctionStudy.csproj", "{EEEE0429-10A9-42EF-A8CD-36CFE092A3CE}"
EndProject
Global
	GlobalSection(SolutionConfigurationPlatforms) = preSolution
		Debug|Any CPU = Debug|Any CPU
		Debug|arm64 = Debug|arm64
		Debug|x64 = Debug|x64
		Debug|x86 = Debug|x86
		Release|Any CPU = Release|Any CPU
		Release|arm64 = Release|arm64
		Release|x64 = Release|x64
		Release|x86 = Release|x86
	EndGlobalSection
	GlobalSection(ProjectConfigurationPlatforms) = postSolution
		{A2C6B270-E243-41B1-AFB5-A26862D56026}.Debug|Any CPU.ActiveCfg = Debug|x64
		{A2C6B270-E243-41B1-AFB5-A26862D56026}.Debug|Any CPU.Build.0 = Debug|x64
		{A2C6B270-E243-41B1-AFB5-A26862D56026}.Debug|Any CPU.Deploy.0 = Debug|x64
		{A2C6B270-E243-41B1-AFB5-A26862D56026}.Debug|arm64.ActiveCfg = Debug|arm64
		{A2C6B270-E243-41B1-AFB5-A26862D56026}.Debug|arm64.Build.0 = Debug|arm64
		{A2C6B270-E243-41B1-AFB5-A26862D56026}.Debug|arm64.Deploy.0 = Debug|arm64
		{A2C6B270-E243-41B1-AFB5-A26862D56026}.Debug|x64.ActiveCfg = Debug|x64
		{A2C6B270-E243-41B1-AFB5-A26862D56026}.Debug|x64.Build.0 = Debug|x64
		{A2C6B270-E243-41B1-AFB5-A26862D56026}.Debug|x64.Deploy.0 = Debug|x64
		{A2C6B270-E243-41B1-AFB5-A26862D56026}.Debug|x86.ActiveCfg = Debug|x86
		{A2C6B270-E243-41B1-AFB5-A26862D56026}.Debug|x86.Build.0 = Debug|x86
		{A2C6B270-E243-41B1-AFB5-A26862D56026}.Debug|x86.Deploy.0 = Debug|x86
		{A2C6B270-E243-41B1-AFB5-A26862D56026}.Release|Any CPU.ActiveCfg = Release|x64
		{A2C6B270-E243-41B1-AFB5-A26862D56026}.Release|Any CPU.Build.0 = Release|x64
		{A2C6B270-E243-41B1-AFB5-A26862D56026}.Release|Any CPU.Deploy.0 = Release|x64
		{A2C6B270-E243-41B1-AFB5-A26862D56026}.Release|arm64.ActiveCfg = Release|arm64
		{A2C6B270-E243-41B1-AFB5-A26862D56026}.Release|arm64.Build.0 = Release|arm64
		{A2C6B270-E243-41B1-AFB5-A26862D56026}.Release|arm64.Deploy.0 = Release|arm64
		{A2C6B270-E243-41B1-AFB5-A26862D56026}.Release|x64.ActiveCfg = Release|x64
		{A2C6B270-E243-41B1-AFB5-A26862D56026}.Release|x64.Build.0 = Release|x64
		{A2C6B270-E243-41B1-AFB5-A26862D56026}.Release|x64.Deploy.0 = Release|x64
		{A2C6B270-E243-41B1-AFB5-A26862D56026}.Release|x86.ActiveCfg = Release|x86
		{A2C6B270-E243-41B1-AFB5-A26862D56026}.Release|x86.Build.0 = Release|x86
		{A2C6B270-E243-41B1-AFB5-A26862D56026}.Release|x86.Deploy.0 = Release|x86
		{0D7ADA74-F937-4651-A8BF-7C2E2CCAA301}.Debug|Any CPU.ActiveCfg = Debug|x64
		{0D7ADA74-F937-4651-A8BF-7C2E2CCAA301}.Debug|Any CPU.Build.0 = Debug|x64
		{0D7ADA74-F937-4651-A8BF-7C2E2CCAA301}.Debug|arm64.ActiveCfg = Debug|arm64
		{0D7ADA74-F937-4651-A8BF-7C2E2CCAA301}.Debug|arm64.Build.0 = Debug|arm64
		{0D7ADA74-F937-4651-A8BF-7C2E2CCAA301}.Debug|x64.ActiveCfg = Debug|x64
		{0D7ADA74-F937-4651-A8BF-7C2E2CCAA301}.Debug|x64.Build.0 = Debug|x64
		{0D7ADA74-F937-4651-A8BF-7C2E2CCAA301}.Debug|x86.ActiveCfg = Debug|x86
		{0D7ADA74-F937-4651-A8BF-7C2E2CCAA301}.Debug|x86.Build.0 = Debug|x86
		{0D7ADA74-F937-4651-A8BF-7C2E2CCAA301}.Release|Any CPU.ActiveCfg = Release|x64
		{0D7ADA74-F937-4651-A8BF-7C2E2CCAA301}.Release|Any CPU.Build.0 = Release|x64
		{0D7ADA74-F937-4651-A8BF-7C2E2CCAA301}.Release|arm64.ActiveCfg = Release|arm64
		{0D7ADA74-F937-4651-A8BF-7C2E2CCAA301}.Release|arm64.Build.0 = Release|arm64
		{0D7ADA74-F937-4651-A8BF-7C2E2CCAA301}.Release|x64.ActiveCfg = Release|x64
		{0D7ADA74-F937-4651-A8BF-7C2E2CCAA301}.Release|x64.Build.0 = Release|x64
		{0D7ADA74-F937-4651-A8BF-7C2E2CCAA301}.Release|x86.ActiveCfg = Release|x86
		{0D7ADA74-F937-4651-A8BF-7C2E2CCAA301}.Release|x86.Build.0 = Release|x86
		{EEEE0429-10A9-42EF-A8CD-36CFE092A3CE}.Debug|Any CPU.ActiveCfg = Debug|Any CPU
		{EEEE0429-10A9-42EF-A8CD-36CFE092A3CE}.Debug|Any CPU.Build.0 = Debug|Any CPU
		{EEEE0429-10A9-42EF-A8CD-36CFE092A3CE}.Debug|arm64.ActiveCfg = Debug|Any CPU
		{EEEE0429-10A9-42EF-A8CD-36CFE092A3CE}.Debug|arm64.Build.0 = Debug|Any CPU
		{EEEE0429-10A9-42EF-A8CD-36CFE092A3CE}.Debug|x64.ActiveCfg = Debug|Any CPU
		{EEEE0429-10A9-42EF-A8CD-36CFE092A3CE}.Debug|x64.Build.0 = Debug|Any CPU
		{EEEE0429-10A9-42EF-A8CD-36CFE092A3CE}.Debug|x86.ActiveCfg = Debug|Any CPU
		{EEEE0429-10A9-42EF-A8CD-36CFE092A3CE}.Debug|x86.Build.0 = Debug|Any CPU
		{EEEE0429-10A9-42EF-A8CD-36CFE092A3CE}.Release|Any CPU.ActiveCfg = Release|Any CPU
		{EEEE0429-10A9-42EF-A8CD-36CFE092A3CE}.Release|Any CPU.Build.0 = Release|Any CPU
		{EEEE0429-10A9-42EF-A8CD-36CFE092A3CE}.Release|arm64.ActiveCfg = Release|Any CPU
		{EEEE0429-10A9-42EF-A8CD-36CFE092A3CE}.Release|arm64.Build.0 = Release|Any CPU
		{EEEE0429-10A9-42EF-A8CD-36CFE092A3CE}.Release|x64.ActiveCfg = Release|Any CPU
		{EEEE0429-10A9-42EF-A8CD-36CFE092A3CE}.Release|x64.Build.0 = Release|Any CPU
		{EEEE0429-10A9-42EF-A8CD-36CFE092A3CE}.Release|x86.ActiveCfg = Release|Any CPU
		{EEEE0429-10A9-42EF-A8CD-36CFE092A3CE}.Release|x86.Build.0 = Release|Any CPU
	EndGlobalSection
	GlobalSection(SolutionProperties) = preSolution
		HideSolutionNode = FALSE
	EndGlobalSection
	GlobalSection(ExtensibilityGlobals) = postSolution
		SolutionGuid = {B8C94D63-F9E0-44BD-9DFA-4D6E0E58FC39}
	EndGlobalSection
EndGlobal
